{
  "name": "jquery-jpostal-ja",
  "version": "2.14.72",
  "lockfileVersion": 3,
  "requires": true,
  "packages": {
    "": {
      "version": "2.14.72",
      "license": "MIT",
      "peerDependencies": {
        "jquery": "*"
      }
    },
    "node_modules/jquery": {
      "version": "3.7.1",
      "resolved": "https://registry.npmjs.org/jquery/-/jquery-3.7.1.tgz",
      "integrity": "sha512-m4avr8yL8kmFN8psrbFFFmB/If14iN5o9nw/NgnnM+kybDJpRsAynV2BsfpTYrTRysYUdADVD7CkUUizgkpLfg==",
      "license": "MIT",
      "peer": true
    }
  }
}
